// !$*UTF8*$!
{
	archiveVersion = 1;
	classes = {
	};
	objectVersion = 50;
	objects = {

/* Begin PBXBuildFile section */
		4C80BCE624D08BEA00AF865A /* AppDelegate.swift in Sources */ = {isa = PBXBuildFile; fileRef = 4C80BCE524D08BEA00AF865A /* AppDelegate.swift */; };
		4C80BCE824D08BEA00AF865A /* SceneDelegate.swift in Sources */ = {isa = PBXBuildFile; fileRef = 4C80BCE724D08BEA00AF865A /* SceneDelegate.swift */; };
		4C80BCEA24D08BEA00AF865A /* ViewController.swift in Sources */ = {isa = PBXBuildFile; fileRef = 4C80BCE924D08BEA00AF865A /* ViewController.swift */; };
		4C80BCED24D08BEA00AF865A /* Main.storyboard in Resources */ = {isa = PBXBuildFile; fileRef = 4C80BCEB24D08BEA00AF865A /* Main.storyboard */; };
		4C80BCEF24D08BEB00AF865A /* Assets.xcassets in Resources */ = {isa = PBXBuildFile; fileRef = 4C80BCEE24D08BEB00AF865A /* Assets.xcassets */; };
		4C80BCF224D08BEB00AF865A /* LaunchScreen.storyboard in Resources */ = {isa = PBXBuildFile; fileRef = 4C80BCF024D08BEB00AF865A /* LaunchScreen.storyboard */; };
/* End PBXBuildFile section */

/* Begin PBXFileReference section */
		4C80BCE224D08BEA00AF865A /* 05 Tic Tac Toe.app */ = {isa = PBXFileReference; explicitFileType = wrapper.application; includeInIndex = 0; path = "05 Tic Tac Toe.app"; sourceTree = BUILT_PRODUCTS_DIR; };
		4C80BCE524D08BEA00AF865A /* AppDelegate.swift */ = {isa = PBXFileReference; lastKnownFileType = sourcecode.swift; path = AppDelegate.swift; sourceTree = "<group>"; };
		4C80BCE724D08BEA00AF865A /* SceneDelegate.swift */ = {isa = PBXFileReference; lastKnownFileType = sourcecode.swift; path = SceneDelegate.swift; sourceTree = "<group>"; };
		4C80BCE924D08BEA00AF865A /* ViewController.swift */ = {isa = PBXFileReference; lastKnownFileType = sourcecode.swift; path = ViewController.swift; sourceTree = "<group>"; };
		4C80BCEC24D08BEA00AF865A /* Base */ = {isa = PBXFileReference; lastKnownFileType = file.storyboard; name = Base; path = Base.lproj/Main.storyboard; sourceTree = "<group>"; };
		4C80BCEE24D08BEB00AF865A /* Assets.xcassets */ = {isa = PBXFileReference; lastKnownFileType = folder.assetcatalog; path = Assets.xcassets; sourceTree = "<group>"; };
		4C80BCF124D08BEB00AF865A /* Base */ = {isa = PBXFileReference; lastKnownFileType = file.storyboard; name = Base; path = Base.lproj/LaunchScreen.storyboard; sourceTree = "<group>"; };
		4C80BCF324D08BEB00AF865A /* Info.plist */ = {isa = PBXFileReference; lastKnownFileType = text.plist.xml; path = Info.plist; sourceTree = "<group>"; };
/* End PBXFileReference section */

/* Begin PBXFrameworksBuildPhase section */
		4C80BCDF24D08BEA00AF865A /* Frameworks */ = {
			isa = PBXFrameworksBuildPhase;
			buildActionMask = 2147483647;
			files = (
			);
			runOnlyForDeploymentPostprocessing = 0;
		};
/* End PBXFrameworksBuildPhase section */

/* Begin PBXGroup section */
		4C80BCD924D08BEA00AF865A = {
			isa = PBXGroup;
			children = (
				4C80BCE424D08BEA00AF865A /* 05 Tic Tac Toe */,
				4C80BCE324D08BEA00AF865A /* Products */,
			);
			sourceTree = "<group>";
		};
		4C80BCE324D08BEA00AF865A /* Products */ = {
			isa = PBXGroup;
			children = (
				4C80BCE224D08BEA00AF865A /* 05 Tic Tac Toe.app */,
			);
			name = Products;
			sourceTree = "<group>";
		};
		4C80BCE424D08BEA00AF865A /* 05 Tic Tac Toe */ = {
			isa = PBXGroup;
			children = (
				4C80BCE524D08BEA00AF865A /* AppDelegate.swift */,
				4C80BCE724D08BEA00AF865A /* SceneDelegate.swift */,
				4C80BCE924D08BEA00AF865A /* ViewController.swift */,
				4C80BCEB24D08BEA00AF865A /* Main.storyboard */,
				4C80BCEE24D08BEB00AF865A /* Assets.xcassets */,
				4C80BCF024D08BEB00AF865A /* LaunchScreen.storyboard */,
				4C80BCF324D08BEB00AF865A /* Info.plist */,
			);
			path = "05 Tic Tac Toe";
			sourceTree = "<group>";
		};
/* End PBXGroup section */

/* Begin PBXNativeTarget section */
		4C80BCE124D08BEA00AF865A /* 05 Tic Tac Toe */ = {
			isa = PBXNativeTarget;
			buildConfigurationList = 4C80BCF624D08BEB00AF865A /* Build configuration list for PBXNativeTarget "05 Tic Tac Toe" */;
			buildPhases = (
				4C80BCDE24D08BEA00AF865A /* Sources */,
				4C80BCDF24D08BEA00AF865A /* Frameworks */,
				4C80BCE024D08BEA00AF865A /* Resources */,
			);
			buildRules = (
			);
			dependencies = (
			);
			name = "05 Tic Tac Toe";
			productName = "05 Tic Tac Toe";
			productReference = 4C80BCE224D08BEA00AF865A /* 05 Tic Tac Toe.app */;
			productType = "com.apple.product-type.application";
		};
/* End PBXNativeTarget section */

/* Begin PBXProject section */
		4C80BCDA24D08BEA00AF865A /* Project object */ = {
			isa = PBXProject;
			attributes = {
				LastSwiftUpdateCheck = 1160;
				LastUpgradeCheck = 1160;
				ORGANIZATIONNAME = "Kian Mokhlesi";
				TargetAttributes = {
					4C80BCE124D08BEA00AF865A = {
						CreatedOnToolsVersion = 11.6;
					};
				};
			};
			buildConfigurationList = 4C80BCDD24D08BEA00AF865A /* Build configuration list for PBXProject "05 Tic Tac Toe" */;
			compatibilityVersion = "Xcode 9.3";
			developmentRegion = en;
			hasScannedForEncodings = 0;
			knownRegions = (
				en,
				Base,
			);
			mainGroup = 4C80BCD924D08BEA00AF865A;
			productRefGroup = 4C80BCE324D08BEA00AF865A /* Products */;
			projectDirPath = "";
			projectRoot = "";
			targets = (
				4C80BCE124D08BEA00AF865A /* 05 Tic Tac Toe */,
			);
		};
/* End PBXProject section */

/* Begin PBXResourcesBuildPhase section */
		4C80BCE024D08BEA00AF865A /* Resources */ = {
			isa = PBXResourcesBuildPhase;
			buildActionMask = 2147483647;
			files = (
				4C80BCF224D08BEB00AF865A /* LaunchScreen.storyboard in Resources */,
				4C80BCEF24D08BEB00AF865A /* Assets.xcassets in Resources */,
				4C80BCED24D08BEA00AF865A /* Main.storyboard in Resources */,
			);
			runOnlyForDeploymentPostprocessing = 0;
		};
/* End PBXResourcesBuildPhase section */

/* Begin PBXSourcesBuildPhase section */
		4C80BCDE24D08BEA00AF865A /* Sources */ = {
			isa = PBXSourcesBuildPhase;
			buildActionMask = 2147483647;
			files = (
				4C80BCEA24D08BEA00AF865A /* ViewController.swift in Sources */,
				4C80BCE624D08BEA00AF865A /* AppDelegate.swift in Sources */,
				4C80BCE824D08BEA00AF865A /* SceneDelegate.swift in Sources */,
			);
			runOnlyForDeploymentPostprocessing = 0;
		};
/* End PBXSourcesBuildPhase section */

/* Begin PBXVariantGroup section */
		4C80BCEB24D08BEA00AF865A /* Main.storyboard */ = {
			isa = PBXVariantGroup;
			children = (
				4C80BCEC24D08BEA00AF865A /* Base */,
			);
			name = Main.storyboard;
			sourceTree = "<group>";
		};
		4C80BCF024D08BEB00AF865A /* LaunchScreen.storyboard */ = {
			isa = PBXVariantGroup;
			children = (
				4C80BCF124D08BEB00AF865A /* Base */,
			);
			name = LaunchScreen.storyboard;
			sourceTree = "<group>";
		};
/* End PBXVariantGroup section */

/* Begin XCBuildConfiguration section */
		4C80BCF424D08BEB00AF865A /* Debug */ = {
			isa = XCBuildConfiguration;
			buildSettings = {
				ALWAYS_SEARCH_USER_PATHS = NO;
				CLANG_ANALYZER_NONNULL = YES;
				CLANG_ANALYZER_NUMBER_OBJECT_CONVERSION = YES_AGGRESSIVE;
				CLANG_CXX_LANGUAGE_STANDARD = "gnu++14";
				CLANG_CXX_LIBRARY = "libc++";
				CLANG_ENABLE_MODULES = YES;
				CLANG_ENABLE_OBJC_ARC = YES;
				CLANG_ENABLE_OBJC_WEAK = YES;
				CLANG_WARN_BLOCK_CAPTURE_AUTORELEASING = YES;
				CLANG_WARN_BOOL_CONVERSION = YES;
				CLANG_WARN_COMMA = YES;
				CLANG_WARN_CONSTANT_CONVERSION = YES;
				CLANG_WARN_DEPRECATED_OBJC_IMPLEMENTATIONS = YES;
				CLANG_WARN_DIRECT_OBJC_ISA_USAGE = YES_ERROR;
				CLANG_WARN_DOCUMENTATION_COMMENTS = YES;
				CLANG_WARN_EMPTY_BODY = YES;
				CLANG_WARN_ENUM_CONVERSION = YES;
				CLANG_WARN_INFINITE_RECURSION = YES;
				CLANG_WARN_INT_CONVERSION = YES;
				CLANG_WARN_NON_LITERAL_NULL_CONVERSION = YES;
				CLANG_WARN_OBJC_IMPLICIT_RETAIN_SELF = YES;
				CLANG_WARN_OBJC_LITERAL_CONVERSION = YES;
				CLANG_WARN_OBJC_ROOT_CLASS = YES_ERROR;
				CLANG_WARN_RANGE_LOOP_ANALYSIS = YES;
				CLANG_WARN_STRICT_PROTOTYPES = YES;
				CLANG_WARN_SUSPICIOUS_MOVE = YES;
				CLANG_WARN_UNGUARDED_AVAILABILITY = YES_AGGRESSIVE;
				CLANG_WARN_UNREACHABLE_CODE = YES;
				CLANG_WARN__DUPLICATE_METHOD_MATCH = YES;
				COPY_PHASE_STRIP = NO;
				DEBUG_INFORMATION_FORMAT = dwarf;
				ENABLE_STRICT_OBJC_MSGSEND = YES;
				ENABLE_TESTABILITY = YES;
				GCC_C_LANGUAGE_STANDARD = gnu11;
				GCC_DYNAMIC_NO_PIC = NO;
				GCC_NO_COMMON_BLOCKS = YES;
				GCC_OPTIMIZATION_LEVEL = 0;
				GCC_PREPROCESSOR_DEFINITIONS = (
					"DEBUG=1",
					"$(inherited)",
				);
				GCC_WARN_64_TO_32_BIT_CONVERSION = YES;
				GCC_WARN_ABOUT_RETURN_TYPE = YES_ERROR;
				GCC_WARN_UNDECLARED_SELECTOR = YES;
				GCC_WARN_UNINITIALIZED_AUTOS = YES_AGGRESSIVE;
				GCC_WARN_UNUSED_FUNCTION = YES;
				GCC_WARN_UNUSED_VARIABLE = YES;
				IPHONEOS_DEPLOYMENT_TARGET = 13.6;
				MTL_ENABLE_DEBUG_INFO = INCLUDE_SOURCE;
				MTL_FAST_MATH = YES;
				ONLY_ACTIVE_ARCH = YES;
				SDKROOT = iphoneos;
				SWIFT_ACTIVE_COMPILATION_CONDITIONS = DEBUG;
				SWIFT_OPTIMIZATION_LEVEL = "-Onone";
			};
			name = Debug;
		};
		4C80BCF524D08BEB00AF865A /* Release */ = {
			isa = XCBuildConfiguration;
			buildSettings = {
				ALWAYS_SEARCH_USER_PATHS = NO;
				CLANG_ANALYZER_NONNULL = YES;
				CLANG_ANALYZER_NUMBER_OBJECT_CONVERSION = YES_AGGRESSIVE;
				CLANG_CXX_LANGUAGE_STANDARD = "gnu++14";
				CLANG_CXX_LIBRARY = "libc++";
				CLANG_ENABLE_MODULES = YES;
				CLANG_ENABLE_OBJC_ARC = YES;
				CLANG_ENABLE_OBJC_WEAK = YES;
				CLANG_WARN_BLOCK_CAPTURE_AUTORELEASING = YES;
				CLANG_WARN_BOOL_CONVERSION = YES;
				CLANG_WARN_COMMA = YES;
				CLANG_WARN_CONSTANT_CONVERSION = YES;
				CLANG_WARN_DEPRECATED_OBJC_IMPLEMENTATIONS = YES;
				CLANG_WARN_DIRECT_OBJC_ISA_USAGE = YES_ERROR;
				CLANG_WARN_DOCUMENTATION_COMMENTS = YES;
				CLANG_WARN_EMPTY_BODY = YES;
				CLANG_WARN_ENUM_CONVERSION = YES;
				CLANG_WARN_INFINITE_RECURSION = YES;
				CLANG_WARN_INT_CONVERSION = YES;
				CLANG_WARN_NON_LITERAL_NULL_CONVERSION = YES;
				CLANG_WARN_OBJC_IMPLICIT_RETAIN_SELF = YES;
				CLANG_WARN_OBJC_LITERAL_CONVERSION = YES;
				CLANG_WARN_OBJC_ROOT_CLASS = YES_ERROR;
				CLANG_WARN_RANGE_LOOP_ANALYSIS = YES;
				CLANG_WARN_STRICT_PROTOTYPES = YES;
				CLANG_WARN_SUSPICIOUS_MOVE = YES;
				CLANG_WARN_UNGUARDED_AVAILABILITY = YES_AGGRESSIVE;
				CLANG_WARN_UNREACHABLE_CODE = YES;
				CLANG_WARN__DUPLICATE_METHOD_MATCH = YES;
				COPY_PHASE_STRIP = NO;
				DEBUG_INFORMATION_FORMAT = "dwarf-with-dsym";
				ENABLE_NS_ASSERTIONS = NO;
				ENABLE_STRICT_OBJC_MSGSEND = YES;
				GCC_C_LANGUAGE_STANDARD = gnu11;
				GCC_NO_COMMON_BLOCKS = YES;
				GCC_WARN_64_TO_32_BIT_CONVERSION = YES;
				GCC_WARN_ABOUT_RETURN_TYPE = YES_ERROR;
				GCC_WARN_UNDECLARED_SELECTOR = YES;
				GCC_WARN_UNINITIALIZED_AUTOS = YES_AGGRESSIVE;
				GCC_WARN_UNUSED_FUNCTION = YES;
				GCC_WARN_UNUSED_VARIABLE = YES;
				IPHONEOS_DEPLOYMENT_TARGET = 13.6;
				MTL_ENABLE_DEBUG_INFO = NO;
				MTL_FAST_MATH = YES;
				SDKROOT = iphoneos;
				SWIFT_COMPILATION_MODE = wholemodule;
				SWIFT_OPTIMIZATION_LEVEL = "-O";
				VALIDATE_PRODUCT = YES;
			};
			name = Release;
		};
		4C80BCF724D08BEB00AF865A /* Debug */ = {
			isa = XCBuildConfiguration;
			buildSettings = {
				ASSETCATALOG_COMPILER_APPICON_NAME = AppIcon;
				CODE_SIGN_STYLE = Automatic;
				DEVELOPMENT_TEAM = C2J5F948KU;
				INFOPLIST_FILE = "05 Tic Tac Toe/Info.plist";
				LD_RUNPATH_SEARCH_PATHS = (
					"$(inherited)",
					"@executable_path/Frameworks",
				);
				PRODUCT_BUNDLE_IDENTIFIER = "Zephyr.-5-Tic-Tac-Toe";
				PRODUCT_NAME = "$(TARGET_NAME)";
				SWIFT_VERSION = 5.0;
				TARGETED_DEVICE_FAMILY = "1,2";
			};
			name = Debug;
		};
		4C80BCF824D08BEB00AF865A /* Release */ = {
			isa = XCBuildConfiguration;
			buildSettings = {
				ASSETCATALOG_COMPILER_APPICON_NAME = AppIcon;
				CODE_SIGN_STYLE = Automatic;
				DEVELOPMENT_TEAM = C2J5F948KU;
				INFOPLIST_FILE = "05 Tic Tac Toe/Info.plist";
				LD_RUNPATH_SEARCH_PATHS = (
					"$(inherited)",
					"@executable_path/Frameworks",
				);
				PRODUCT_BUNDLE_IDENTIFIER = "Zephyr.-5-Tic-Tac-Toe";
				PRODUCT_NAME = "$(TARGET_NAME)";
				SWIFT_VERSION = 5.0;
				TARGETED_DEVICE_FAMILY = "1,2";
			};
			name = Release;
		};
/* End XCBuildConfiguration section */

/* Begin XCConfigurationList section */
		4C80BCDD24D08BEA00AF865A /* Build configuration list for PBXProject "05 Tic Tac Toe" */ = {
			isa = XCConfigurationList;
			buildConfigurations = (
				4C80BCF424D08BEB00AF865A /* Debug */,
				4C80BCF524D08BEB00AF865A /* Release */,
			);
			defaultConfigurationIsVisible = 0;
			defaultConfigurationName = Release;
		};
		4C80BCF624D08BEB00AF865A /* Build configuration list for PBXNativeTarget "05 Tic Tac Toe" */ = {
			isa = XCConfigurationList;
			buildConfigurations = (
				4C80BCF724D08BEB00AF865A /* Debug */,
				4C80BCF824D08BEB00AF865A /* Release */,
			);
			defaultConfigurationIsVisible = 0;
			defaultConfigurationName = Release;
		};
/* End XCConfigurationList section */
	};
	rootObject = 4C80BCDA24D08BEA00AF865A /* Project object */;
}
